
Microsoft Visual Studio Solution File, Format Version 12.00
# Visual Studio Version 17
VisualStudioVersion = 17.2.32516.85
MinimumVisualStudioVersion = 10.0.40219.1
Project("{8BC9CEB8-8B4A-11D0-8D11-00A0C91BC942}") = "HomeWork18", "HomeWork18\HomeWork18.vcxproj", "{F9A3D238-3262-45EC-9E20-AB9E884B7273}"
EndProject
Global
	GlobalSection(SolutionConfigurationPlatforms) = preSolution
		Debug|x64 = Debug|x64
		Debug|x86 = Debug|x86
		Release|x64 = Release|x64
		Release|x86 = Release|x86
	EndGlobalSection
	GlobalSection(ProjectConfigurationPlatforms) = postSolution
		{F9A3D238-3262-45EC-9E20-AB9E884B7273}.Debug|x64.ActiveCfg = Debug|x64
		{F9A3D238-3262-45EC-9E20-AB9E884B7273}.Debug|x64.Build.0 = Debug|x64
		{F9A3D238-3262-45EC-9E20-AB9E884B7273}.Debug|x86.ActiveCfg = Debug|Win32
		{F9A3D238-3262-45EC-9E20-AB9E884B7273}.Debug|x86.Build.0 = Debug|Win32
		{F9A3D238-3262-45EC-9E20-AB9E884B7273}.Release|x64.ActiveCfg = Release|x64
		{F9A3D238-3262-45EC-9E20-AB9E884B7273}.Release|x64.Build.0 = Release|x64
		{F9A3D238-3262-45EC-9E20-AB9E884B7273}.Release|x86.ActiveCfg = Release|Win32
		{F9A3D238-3262-45EC-9E20-AB9E884B7273}.Release|x86.Build.0 = Release|Win32
	EndGlobalSection
	GlobalSection(SolutionProperties) = preSolution
		HideSolutionNode = FALSE
	EndGlobalSection
	GlobalSection(ExtensibilityGlobals) = postSolution
		SolutionGuid = {054F13B2-6FC3-4A7D-A15D-3DCD71336A28}
	EndGlobalSection
EndGlobal
